
Microsoft Visual Studio Solution File, Format Version 12.00
# Visual Studio 15
VisualStudioVersion = 15.0.28307.329
MinimumVisualStudioVersion = 10.0.40219.1
Project("{9A19103F-16F7-4668-BE54-9A1E7A4F7556}") = "Solution", "src\Solution\Solution.csproj", "{EBF18865-0B53-4D30-BABA-BA0FFCA82B50}"
EndProject
Project("{2150E333-8FDC-42A3-9474-1A3956D46DE8}") = "tests", "tests", "{4D224F9C-B40E-4743-BEF0-82927399B524}"
EndProject
Project("{FAE04EC0-301F-11D3-BF4B-00C04F79EFBC}") = "UnitTests", "tests\UnitTests\UnitTests.csproj", "{BF7B1091-FF18-45D6-9263-1CFEA64E232B}"
EndProject
Global
	GlobalSection(SolutionConfigurationPlatforms) = preSolution
		Debug|Any CPU = Debug|Any CPU
		Release|Any CPU = Release|Any CPU
	EndGlobalSection
	GlobalSection(ProjectConfigurationPlatforms) = postSolution
		{EBF18865-0B53-4D30-BABA-BA0FFCA82B50}.Debug|Any CPU.ActiveCfg = Debug|Any CPU
		{EBF18865-0B53-4D30-BABA-BA0FFCA82B50}.Debug|Any CPU.Build.0 = Debug|Any CPU
		{EBF18865-0B53-4D30-BABA-BA0FFCA82B50}.Release|Any CPU.ActiveCfg = Release|Any CPU
		{EBF18865-0B53-4D30-BABA-BA0FFCA82B50}.Release|Any CPU.Build.0 = Release|Any CPU
		{BF7B1091-FF18-45D6-9263-1CFEA64E232B}.Debug|Any CPU.ActiveCfg = Debug|Any CPU
		{BF7B1091-FF18-45D6-9263-1CFEA64E232B}.Debug|Any CPU.Build.0 = Debug|Any CPU
		{BF7B1091-FF18-45D6-9263-1CFEA64E232B}.Release|Any CPU.ActiveCfg = Release|Any CPU
		{BF7B1091-FF18-45D6-9263-1CFEA64E232B}.Release|Any CPU.Build.0 = Release|Any CPU
	EndGlobalSection
	GlobalSection(SolutionProperties) = preSolution
		HideSolutionNode = FALSE
	EndGlobalSection
	GlobalSection(NestedProjects) = preSolution
		{BF7B1091-FF18-45D6-9263-1CFEA64E232B} = {4D224F9C-B40E-4743-BEF0-82927399B524}
	EndGlobalSection
	GlobalSection(ExtensibilityGlobals) = postSolution
		SolutionGuid = {0C6E60D3-FE38-4C97-B823-F5380E1D0B65}
	EndGlobalSection
EndGlobal
